
Microsoft Visual Studio Solution File, Format Version 12.00
# Visual Studio Version 17
VisualStudioVersion = 17.0.31903.59
MinimumVisualStudioVersion = 10.0.40219.1
Project("{F2A71F9B-5D33-465A-A702-920D77279786}") = "Glutinum.Feliz.ReactIntersectionObserver", "src\Glutinum.Feliz.ReactIntersectionObserver.fsproj", "{1553822A-5487-4DD9-8F9E-59349ED90C34}"
EndProject
Project("{F2A71F9B-5D33-465A-A702-920D77279786}") = "Demo", "demo\Demo.fsproj", "{AD5BE9B6-6442-49C5-BB5D-65F42596CB89}"
EndProject
Global
	GlobalSection(SolutionConfigurationPlatforms) = preSolution
		Debug|Any CPU = Debug|Any CPU
		Release|Any CPU = Release|Any CPU
	EndGlobalSection
	GlobalSection(SolutionProperties) = preSolution
		HideSolutionNode = FALSE
	EndGlobalSection
	GlobalSection(ProjectConfigurationPlatforms) = postSolution
		{1553822A-5487-4DD9-8F9E-59349ED90C34}.Debug|Any CPU.ActiveCfg = Debug|Any CPU
		{1553822A-5487-4DD9-8F9E-59349ED90C34}.Debug|Any CPU.Build.0 = Debug|Any CPU
		{1553822A-5487-4DD9-8F9E-59349ED90C34}.Release|Any CPU.ActiveCfg = Release|Any CPU
		{1553822A-5487-4DD9-8F9E-59349ED90C34}.Release|Any CPU.Build.0 = Release|Any CPU
		{AD5BE9B6-6442-49C5-BB5D-65F42596CB89}.Debug|Any CPU.ActiveCfg = Debug|Any CPU
		{AD5BE9B6-6442-49C5-BB5D-65F42596CB89}.Debug|Any CPU.Build.0 = Debug|Any CPU
		{AD5BE9B6-6442-49C5-BB5D-65F42596CB89}.Release|Any CPU.ActiveCfg = Release|Any CPU
		{AD5BE9B6-6442-49C5-BB5D-65F42596CB89}.Release|Any CPU.Build.0 = Release|Any CPU
	EndGlobalSection
EndGlobal
